{
  "name": "Primer_programa",
  "version": "1.0.0",
  "lockfileVersion": 1,
  "requires": true,
  "dependencies": {
    "web-ifc": {
      "version": "0.0.29",
      "resolved": "https://registry.npmjs.org/web-ifc/-/web-ifc-0.0.29.tgz",
      "integrity": "sha512-EY5YWPvK7dvJH7A+NGZJ8PUkrrmjB8I9SrvpwSUoUOPEQGHxB2JemIiCHj04iY995QsTgpx55KFTA9jgHJwEIA=="
    }
  }
}
